
Microsoft Visual Studio Solution File, Format Version 12.00
# Visual Studio Version 17
VisualStudioVersion = 17.5.002.0
MinimumVisualStudioVersion = 10.0.40219.1
Project("{9A19103F-16F7-4668-BE54-9A1E7A4F7556}") = "Haven", "Haven\Haven.csproj", "{0C3614AC-AC44-4F49-8E05-486593557236}"
EndProject
Project("{9A19103F-16F7-4668-BE54-9A1E7A4F7556}") = "Haven.Diagnostics", "Haven.Diagnostics\Haven.Diagnostics.csproj", "{7FB9912A-41DB-47D4-941D-44069962112C}"
EndProject
Global
	GlobalSection(SolutionConfigurationPlatforms) = preSolution
		Debug|Any CPU = Debug|Any CPU
		Release|Any CPU = Release|Any CPU
	EndGlobalSection
	GlobalSection(ProjectConfigurationPlatforms) = postSolution
		{0C3614AC-AC44-4F49-8E05-486593557236}.Debug|Any CPU.ActiveCfg = Debug|Any CPU
		{0C3614AC-AC44-4F49-8E05-486593557236}.Debug|Any CPU.Build.0 = Debug|Any CPU
		{0C3614AC-AC44-4F49-8E05-486593557236}.Release|Any CPU.ActiveCfg = Release|Any CPU
		{0C3614AC-AC44-4F49-8E05-486593557236}.Release|Any CPU.Build.0 = Release|Any CPU
		{7FB9912A-41DB-47D4-941D-44069962112C}.Debug|Any CPU.ActiveCfg = Debug|Any CPU
		{7FB9912A-41DB-47D4-941D-44069962112C}.Debug|Any CPU.Build.0 = Debug|Any CPU
		{7FB9912A-41DB-47D4-941D-44069962112C}.Release|Any CPU.ActiveCfg = Release|Any CPU
		{7FB9912A-41DB-47D4-941D-44069962112C}.Release|Any CPU.Build.0 = Release|Any CPU
	EndGlobalSection
	GlobalSection(SolutionProperties) = preSolution
		HideSolutionNode = FALSE
	EndGlobalSection
	GlobalSection(ExtensibilityGlobals) = postSolution
		SolutionGuid = {8D839D54-FA31-47C8-8F07-837529893C5E}
	EndGlobalSection
EndGlobal
